
Microsoft Visual Studio Solution File, Format Version 12.00
# Visual Studio Version 17
VisualStudioVersion = 17.9.34616.47
MinimumVisualStudioVersion = 10.0.40219.1
Project("{8BC9CEB8-8B4A-11D0-8D11-00A0C91BC942}") = "PointerdanFriendclass_0157", "PointerdanFriendclass_0157.vcxproj", "{13FB8296-05F5-4262-AC61-F7607890BFEB}"
EndProject
Project("{8BC9CEB8-8B4A-11D0-8D11-00A0C91BC942}") = "PointerdanFriendclass_0157 (2)", "PointerdanFriendclass_0157 (2)\PointerdanFriendclass_0157 (2).vcxproj", "{ECCF7198-4B54-48AA-8669-4F1D022ECF4D}"
EndProject
Project("{8BC9CEB8-8B4A-11D0-8D11-00A0C91BC942}") = "PointerdanFriendclass_0157 (3)", "PointerdanFriendclass_0157 (3)\PointerdanFriendclass_0157 (3).vcxproj", "{7800BE6F-8E4B-4C6E-B98F-8CC00F549072}"
EndProject
Project("{8BC9CEB8-8B4A-11D0-8D11-00A0C91BC942}") = "PointerdanFriendclass_0157 (4)", "PointerdanFriendclass_0157 (4)\PointerdanFriendclass_0157 (4).vcxproj", "{B307634C-8C12-4330-9BF1-0BC8C2C36BA9}"
EndProject
Project("{8BC9CEB8-8B4A-11D0-8D11-00A0C91BC942}") = "PointerdanFriendclass_0157 (6)", "PointerdanFriendclass_0157 (2)\PointerdanFriendclass_0157 (5)\PointerdanFriendclass_0157 (5).vcxproj", "{752E5092-2B15-44E9-8C8F-F3F22B7DE4AE}"
EndProject
Project("{8BC9CEB8-8B4A-11D0-8D11-00A0C91BC942}") = "PointerdanFriendclass_0157 (5)", "PointerdanFriendclass_0157 (5)\ConsoleApplication1\ConsoleApplication1.vcxproj", "{5FA6B2EE-009B-4318-9B22-05B18868D8F9}"
EndProject
Project("{8BC9CEB8-8B4A-11D0-8D11-00A0C91BC942}") = "PointerdanFriendclass_0157 (7)", "PointerdanFriendclass_0157 (7)\PointerdanFriendclass_0157 (7).vcxproj", "{8A928389-3ADF-4157-913C-3EBD70ACC995}"
EndProject
Global
	GlobalSection(SolutionConfigurationPlatforms) = preSolution
		Debug|x64 = Debug|x64
		Debug|x86 = Debug|x86
		Release|x64 = Release|x64
		Release|x86 = Release|x86
	EndGlobalSection
	GlobalSection(ProjectConfigurationPlatforms) = postSolution
		{13FB8296-05F5-4262-AC61-F7607890BFEB}.Debug|x64.ActiveCfg = Debug|x64
		{13FB8296-05F5-4262-AC61-F7607890BFEB}.Debug|x64.Build.0 = Debug|x64
		{13FB8296-05F5-4262-AC61-F7607890BFEB}.Debug|x86.ActiveCfg = Debug|Win32
		{13FB8296-05F5-4262-AC61-F7607890BFEB}.Debug|x86.Build.0 = Debug|Win32
		{13FB8296-05F5-4262-AC61-F7607890BFEB}.Release|x64.ActiveCfg = Release|x64
		{13FB8296-05F5-4262-AC61-F7607890BFEB}.Release|x64.Build.0 = Release|x64
		{13FB8296-05F5-4262-AC61-F7607890BFEB}.Release|x86.ActiveCfg = Release|Win32
		{13FB8296-05F5-4262-AC61-F7607890BFEB}.Release|x86.Build.0 = Release|Win32
		{ECCF7198-4B54-48AA-8669-4F1D022ECF4D}.Debug|x64.ActiveCfg = Debug|x64
		{ECCF7198-4B54-48AA-8669-4F1D022ECF4D}.Debug|x64.Build.0 = Debug|x64
		{ECCF7198-4B54-48AA-8669-4F1D022ECF4D}.Debug|x86.ActiveCfg = Debug|Win32
		{ECCF7198-4B54-48AA-8669-4F1D022ECF4D}.Debug|x86.Build.0 = Debug|Win32
		{ECCF7198-4B54-48AA-8669-4F1D022ECF4D}.Release|x64.ActiveCfg = Release|x64
		{ECCF7198-4B54-48AA-8669-4F1D022ECF4D}.Release|x64.Build.0 = Release|x64
		{ECCF7198-4B54-48AA-8669-4F1D022ECF4D}.Release|x86.ActiveCfg = Release|Win32
		{ECCF7198-4B54-48AA-8669-4F1D022ECF4D}.Release|x86.Build.0 = Release|Win32
		{7800BE6F-8E4B-4C6E-B98F-8CC00F549072}.Debug|x64.ActiveCfg = Debug|x64
		{7800BE6F-8E4B-4C6E-B98F-8CC00F549072}.Debug|x64.Build.0 = Debug|x64
		{7800BE6F-8E4B-4C6E-B98F-8CC00F549072}.Debug|x86.ActiveCfg = Debug|Win32
		{7800BE6F-8E4B-4C6E-B98F-8CC00F549072}.Debug|x86.Build.0 = Debug|Win32
		{7800BE6F-8E4B-4C6E-B98F-8CC00F549072}.Release|x64.ActiveCfg = Release|x64
		{7800BE6F-8E4B-4C6E-B98F-8CC00F549072}.Release|x64.Build.0 = Release|x64
		{7800BE6F-8E4B-4C6E-B98F-8CC00F549072}.Release|x86.ActiveCfg = Release|Win32
		{7800BE6F-8E4B-4C6E-B98F-8CC00F549072}.Release|x86.Build.0 = Release|Win32
		{B307634C-8C12-4330-9BF1-0BC8C2C36BA9}.Debug|x64.ActiveCfg = Debug|x64
		{B307634C-8C12-4330-9BF1-0BC8C2C36BA9}.Debug|x64.Build.0 = Debug|x64
		{B307634C-8C12-4330-9BF1-0BC8C2C36BA9}.Debug|x86.ActiveCfg = Debug|Win32
		{B307634C-8C12-4330-9BF1-0BC8C2C36BA9}.Debug|x86.Build.0 = Debug|Win32
		{B307634C-8C12-4330-9BF1-0BC8C2C36BA9}.Release|x64.ActiveCfg = Release|x64
		{B307634C-8C12-4330-9BF1-0BC8C2C36BA9}.Release|x64.Build.0 = Release|x64
		{B307634C-8C12-4330-9BF1-0BC8C2C36BA9}.Release|x86.ActiveCfg = Release|Win32
		{B307634C-8C12-4330-9BF1-0BC8C2C36BA9}.Release|x86.Build.0 = Release|Win32
		{752E5092-2B15-44E9-8C8F-F3F22B7DE4AE}.Debug|x64.ActiveCfg = Debug|x64
		{752E5092-2B15-44E9-8C8F-F3F22B7DE4AE}.Debug|x64.Build.0 = Debug|x64
		{752E5092-2B15-44E9-8C8F-F3F22B7DE4AE}.Debug|x86.ActiveCfg = Debug|Win32
		{752E5092-2B15-44E9-8C8F-F3F22B7DE4AE}.Debug|x86.Build.0 = Debug|Win32
		{752E5092-2B15-44E9-8C8F-F3F22B7DE4AE}.Release|x64.ActiveCfg = Release|x64
		{752E5092-2B15-44E9-8C8F-F3F22B7DE4AE}.Release|x64.Build.0 = Release|x64
		{752E5092-2B15-44E9-8C8F-F3F22B7DE4AE}.Release|x86.ActiveCfg = Release|Win32
		{752E5092-2B15-44E9-8C8F-F3F22B7DE4AE}.Release|x86.Build.0 = Release|Win32
		{5FA6B2EE-009B-4318-9B22-05B18868D8F9}.Debug|x64.ActiveCfg = Debug|x64
		{5FA6B2EE-009B-4318-9B22-05B18868D8F9}.Debug|x64.Build.0 = Debug|x64
		{5FA6B2EE-009B-4318-9B22-05B18868D8F9}.Debug|x86.ActiveCfg = Debug|Win32
		{5FA6B2EE-009B-4318-9B22-05B18868D8F9}.Debug|x86.Build.0 = Debug|Win32
		{5FA6B2EE-009B-4318-9B22-05B18868D8F9}.Release|x64.ActiveCfg = Release|x64
		{5FA6B2EE-009B-4318-9B22-05B18868D8F9}.Release|x64.Build.0 = Release|x64
		{5FA6B2EE-009B-4318-9B22-05B18868D8F9}.Release|x86.ActiveCfg = Release|Win32
		{5FA6B2EE-009B-4318-9B22-05B18868D8F9}.Release|x86.Build.0 = Release|Win32
		{8A928389-3ADF-4157-913C-3EBD70ACC995}.Debug|x64.ActiveCfg = Debug|x64
		{8A928389-3ADF-4157-913C-3EBD70ACC995}.Debug|x64.Build.0 = Debug|x64
		{8A928389-3ADF-4157-913C-3EBD70ACC995}.Debug|x86.ActiveCfg = Debug|Win32
		{8A928389-3ADF-4157-913C-3EBD70ACC995}.Debug|x86.Build.0 = Debug|Win32
		{8A928389-3ADF-4157-913C-3EBD70ACC995}.Release|x64.ActiveCfg = Release|x64
		{8A928389-3ADF-4157-913C-3EBD70ACC995}.Release|x64.Build.0 = Release|x64
		{8A928389-3ADF-4157-913C-3EBD70ACC995}.Release|x86.ActiveCfg = Release|Win32
		{8A928389-3ADF-4157-913C-3EBD70ACC995}.Release|x86.Build.0 = Release|Win32
	EndGlobalSection
	GlobalSection(SolutionProperties) = preSolution
		HideSolutionNode = FALSE
	EndGlobalSection
	GlobalSection(ExtensibilityGlobals) = postSolution
		SolutionGuid = {0DEE1199-5703-40BD-970D-E53D94CE7C5B}
	EndGlobalSection
EndGlobal
